
Microsoft Visual Studio Solution File, Format Version 12.00
# Visual Studio Version 17
VisualStudioVersion = 17.11.35303.130
MinimumVisualStudioVersion = 10.0.40219.1
Project("{FAE04EC0-301F-11D3-BF4B-00C04F79EFBC}") = "Lab04", "Lab04\Lab04.csproj", "{90E76AC9-1640-45CC-86D5-7293B1B854F0}"
EndProject
Global
	GlobalSection(SolutionConfigurationPlatforms) = preSolution
		Debug|Any CPU = Debug|Any CPU
		Release|Any CPU = Release|Any CPU
	EndGlobalSection
	GlobalSection(ProjectConfigurationPlatforms) = postSolution
		{90E76AC9-1640-45CC-86D5-7293B1B854F0}.Debug|Any CPU.ActiveCfg = Debug|Any CPU
		{90E76AC9-1640-45CC-86D5-7293B1B854F0}.Debug|Any CPU.Build.0 = Debug|Any CPU
		{90E76AC9-1640-45CC-86D5-7293B1B854F0}.Release|Any CPU.ActiveCfg = Release|Any CPU
		{90E76AC9-1640-45CC-86D5-7293B1B854F0}.Release|Any CPU.Build.0 = Release|Any CPU
	EndGlobalSection
	GlobalSection(SolutionProperties) = preSolution
		HideSolutionNode = FALSE
	EndGlobalSection
	GlobalSection(ExtensibilityGlobals) = postSolution
		SolutionGuid = {E357F93A-D6D0-4B80-8259-7DEC78E8883E}
	EndGlobalSection
EndGlobal
