
Microsoft Visual Studio Solution File, Format Version 12.00
# Visual Studio Version 17
VisualStudioVersion = 17.9.34723.18
MinimumVisualStudioVersion = 10.0.40219.1
Project("{FAE04EC0-301F-11D3-BF4B-00C04F79EFBC}") = "Decision", "Desicion\Decision.csproj", "{F6788759-36AF-4C90-917C-CED6F73BBC60}"
EndProject
Project("{FAE04EC0-301F-11D3-BF4B-00C04F79EFBC}") = "Iteraciones", "Iteraciones\Iteraciones.csproj", "{5B96FC4B-0CFB-49A4-BC44-6EF09651C0E2}"
EndProject
Project("{FAE04EC0-301F-11D3-BF4B-00C04F79EFBC}") = "Decision_Bis", "Desicion_Bis\Decision_Bis.csproj", "{8B3252AF-2859-4218-8367-EEE0A4A07A8B}"
EndProject
Global
	GlobalSection(SolutionConfigurationPlatforms) = preSolution
		Debug|Any CPU = Debug|Any CPU
		Release|Any CPU = Release|Any CPU
	EndGlobalSection
	GlobalSection(ProjectConfigurationPlatforms) = postSolution
		{F6788759-36AF-4C90-917C-CED6F73BBC60}.Debug|Any CPU.ActiveCfg = Debug|Any CPU
		{F6788759-36AF-4C90-917C-CED6F73BBC60}.Debug|Any CPU.Build.0 = Debug|Any CPU
		{F6788759-36AF-4C90-917C-CED6F73BBC60}.Release|Any CPU.ActiveCfg = Release|Any CPU
		{F6788759-36AF-4C90-917C-CED6F73BBC60}.Release|Any CPU.Build.0 = Release|Any CPU
		{5B96FC4B-0CFB-49A4-BC44-6EF09651C0E2}.Debug|Any CPU.ActiveCfg = Debug|Any CPU
		{5B96FC4B-0CFB-49A4-BC44-6EF09651C0E2}.Debug|Any CPU.Build.0 = Debug|Any CPU
		{5B96FC4B-0CFB-49A4-BC44-6EF09651C0E2}.Release|Any CPU.ActiveCfg = Release|Any CPU
		{5B96FC4B-0CFB-49A4-BC44-6EF09651C0E2}.Release|Any CPU.Build.0 = Release|Any CPU
		{8B3252AF-2859-4218-8367-EEE0A4A07A8B}.Debug|Any CPU.ActiveCfg = Debug|Any CPU
		{8B3252AF-2859-4218-8367-EEE0A4A07A8B}.Debug|Any CPU.Build.0 = Debug|Any CPU
		{8B3252AF-2859-4218-8367-EEE0A4A07A8B}.Release|Any CPU.ActiveCfg = Release|Any CPU
		{8B3252AF-2859-4218-8367-EEE0A4A07A8B}.Release|Any CPU.Build.0 = Release|Any CPU
	EndGlobalSection
	GlobalSection(SolutionProperties) = preSolution
		HideSolutionNode = FALSE
	EndGlobalSection
	GlobalSection(ExtensibilityGlobals) = postSolution
		SolutionGuid = {80CB4937-350E-4532-B1E7-34F5E83E51DF}
	EndGlobalSection
EndGlobal
