
Microsoft Visual Studio Solution File, Format Version 12.00
# Visual Studio Version 17
VisualStudioVersion = 17.10.35122.118
MinimumVisualStudioVersion = 10.0.40219.1
Project("{FAE04EC0-301F-11D3-BF4B-00C04F79EFBC}") = "CapaPresentacionAdmin", "CapaPresentacionAdmin\CapaPresentacionAdmin.csproj", "{5942F4BA-EB16-45B7-A593-4CD0427FD353}"
EndProject
Project("{FAE04EC0-301F-11D3-BF4B-00C04F79EFBC}") = "CapaPresentacionTienda", "CapaPresentacionTienda\CapaPresentacionTienda.csproj", "{E6875AD5-80B3-4B93-92FD-9D39530628A2}"
EndProject
Global
	GlobalSection(SolutionConfigurationPlatforms) = preSolution
		Debug|Any CPU = Debug|Any CPU
		Release|Any CPU = Release|Any CPU
	EndGlobalSection
	GlobalSection(ProjectConfigurationPlatforms) = postSolution
		{5942F4BA-EB16-45B7-A593-4CD0427FD353}.Debug|Any CPU.ActiveCfg = Debug|Any CPU
		{5942F4BA-EB16-45B7-A593-4CD0427FD353}.Debug|Any CPU.Build.0 = Debug|Any CPU
		{5942F4BA-EB16-45B7-A593-4CD0427FD353}.Release|Any CPU.ActiveCfg = Release|Any CPU
		{5942F4BA-EB16-45B7-A593-4CD0427FD353}.Release|Any CPU.Build.0 = Release|Any CPU
		{E6875AD5-80B3-4B93-92FD-9D39530628A2}.Debug|Any CPU.ActiveCfg = Debug|Any CPU
		{E6875AD5-80B3-4B93-92FD-9D39530628A2}.Debug|Any CPU.Build.0 = Debug|Any CPU
		{E6875AD5-80B3-4B93-92FD-9D39530628A2}.Release|Any CPU.ActiveCfg = Release|Any CPU
		{E6875AD5-80B3-4B93-92FD-9D39530628A2}.Release|Any CPU.Build.0 = Release|Any CPU
	EndGlobalSection
	GlobalSection(SolutionProperties) = preSolution
		HideSolutionNode = FALSE
	EndGlobalSection
	GlobalSection(ExtensibilityGlobals) = postSolution
		SolutionGuid = {0EE913D7-06CE-4241-9EA9-469A9C584B3A}
	EndGlobalSection
EndGlobal
