
Microsoft Visual Studio Solution File, Format Version 12.00
# Visual Studio Version 17
VisualStudioVersion = 17.9.34714.143
MinimumVisualStudioVersion = 10.0.40219.1
Project("{9A19103F-16F7-4668-BE54-9A1E7A4F7556}") = "LabClases01", "LabClases01\LabClases01.csproj", "{E28147E3-E839-459C-BBDE-015FCF287D28}"
EndProject
Project("{9A19103F-16F7-4668-BE54-9A1E7A4F7556}") = "Clases1", "Clases\Clases1.csproj", "{CC7B1D1C-AB46-40F8-952D-198774FE9BA4}"
EndProject
Project("{2150E333-8FDC-42A3-9474-1A3956D46DE8}") = "Paso1", "Paso1", "{68FA0579-95AE-4E41-8721-1CBF906BBDCD}"
EndProject
Project("{2150E333-8FDC-42A3-9474-1A3956D46DE8}") = "Paso2", "Paso2", "{B2A671F1-D935-4CFC-8CDD-B0DA58A74CD3}"
EndProject
Project("{9A19103F-16F7-4668-BE54-9A1E7A4F7556}") = "LabClases2", "LabClases2\LabClases2.csproj", "{BAA2FD65-02B6-411A-9797-B734B1C93F6A}"
EndProject
Project("{9A19103F-16F7-4668-BE54-9A1E7A4F7556}") = "Clases2", "Clases2\Clases2.csproj", "{59A8AEA0-9DF1-4904-9A82-F2C236516A55}"
EndProject
Project("{2150E333-8FDC-42A3-9474-1A3956D46DE8}") = "Paso3", "Paso3", "{3D793BFA-69A6-4FA6-9922-DF5BE3724CB0}"
EndProject
Project("{9A19103F-16F7-4668-BE54-9A1E7A4F7556}") = "Geometria", "Geometria\Geometria.csproj", "{FF44DB6B-6A9A-4D0E-A076-8E85086ED92B}"
EndProject
Project("{2150E333-8FDC-42A3-9474-1A3956D46DE8}") = "PAso4", "PAso4", "{CA5A69F0-401E-49D5-91E4-5183ACDFBC92}"
EndProject
Project("{FAE04EC0-301F-11D3-BF4B-00C04F79EFBC}") = "TestingScript", "TestingScript\TestingScript.csproj", "{57B898DD-5B81-4191-92F8-B7520915B011}"
EndProject
Project("{FAE04EC0-301F-11D3-BF4B-00C04F79EFBC}") = "Persona", "Persona\Persona.csproj", "{49385FA8-52A1-47C5-9E61-C7489EA6455D}"
EndProject
Project("{2150E333-8FDC-42A3-9474-1A3956D46DE8}") = "Paso5", "Paso5", "{3DC08034-7D2C-492B-AEDE-06BEBFE56394}"
EndProject
Project("{FAE04EC0-301F-11D3-BF4B-00C04F79EFBC}") = "Juego", "Juego\Juego.csproj", "{2C684083-18A2-490B-8E3B-5A26281D1F7F}"
EndProject
Global
	GlobalSection(SolutionConfigurationPlatforms) = preSolution
		Debug|Any CPU = Debug|Any CPU
		Release|Any CPU = Release|Any CPU
	EndGlobalSection
	GlobalSection(ProjectConfigurationPlatforms) = postSolution
		{E28147E3-E839-459C-BBDE-015FCF287D28}.Debug|Any CPU.ActiveCfg = Debug|Any CPU
		{E28147E3-E839-459C-BBDE-015FCF287D28}.Debug|Any CPU.Build.0 = Debug|Any CPU
		{E28147E3-E839-459C-BBDE-015FCF287D28}.Release|Any CPU.ActiveCfg = Release|Any CPU
		{E28147E3-E839-459C-BBDE-015FCF287D28}.Release|Any CPU.Build.0 = Release|Any CPU
		{CC7B1D1C-AB46-40F8-952D-198774FE9BA4}.Debug|Any CPU.ActiveCfg = Debug|Any CPU
		{CC7B1D1C-AB46-40F8-952D-198774FE9BA4}.Debug|Any CPU.Build.0 = Debug|Any CPU
		{CC7B1D1C-AB46-40F8-952D-198774FE9BA4}.Release|Any CPU.ActiveCfg = Release|Any CPU
		{CC7B1D1C-AB46-40F8-952D-198774FE9BA4}.Release|Any CPU.Build.0 = Release|Any CPU
		{BAA2FD65-02B6-411A-9797-B734B1C93F6A}.Debug|Any CPU.ActiveCfg = Debug|Any CPU
		{BAA2FD65-02B6-411A-9797-B734B1C93F6A}.Debug|Any CPU.Build.0 = Debug|Any CPU
		{BAA2FD65-02B6-411A-9797-B734B1C93F6A}.Release|Any CPU.ActiveCfg = Release|Any CPU
		{BAA2FD65-02B6-411A-9797-B734B1C93F6A}.Release|Any CPU.Build.0 = Release|Any CPU
		{59A8AEA0-9DF1-4904-9A82-F2C236516A55}.Debug|Any CPU.ActiveCfg = Debug|Any CPU
		{59A8AEA0-9DF1-4904-9A82-F2C236516A55}.Debug|Any CPU.Build.0 = Debug|Any CPU
		{59A8AEA0-9DF1-4904-9A82-F2C236516A55}.Release|Any CPU.ActiveCfg = Release|Any CPU
		{59A8AEA0-9DF1-4904-9A82-F2C236516A55}.Release|Any CPU.Build.0 = Release|Any CPU
		{FF44DB6B-6A9A-4D0E-A076-8E85086ED92B}.Debug|Any CPU.ActiveCfg = Debug|Any CPU
		{FF44DB6B-6A9A-4D0E-A076-8E85086ED92B}.Debug|Any CPU.Build.0 = Debug|Any CPU
		{FF44DB6B-6A9A-4D0E-A076-8E85086ED92B}.Release|Any CPU.ActiveCfg = Release|Any CPU
		{FF44DB6B-6A9A-4D0E-A076-8E85086ED92B}.Release|Any CPU.Build.0 = Release|Any CPU
		{57B898DD-5B81-4191-92F8-B7520915B011}.Debug|Any CPU.ActiveCfg = Debug|Any CPU
		{57B898DD-5B81-4191-92F8-B7520915B011}.Debug|Any CPU.Build.0 = Debug|Any CPU
		{57B898DD-5B81-4191-92F8-B7520915B011}.Release|Any CPU.ActiveCfg = Release|Any CPU
		{57B898DD-5B81-4191-92F8-B7520915B011}.Release|Any CPU.Build.0 = Release|Any CPU
		{49385FA8-52A1-47C5-9E61-C7489EA6455D}.Debug|Any CPU.ActiveCfg = Debug|Any CPU
		{49385FA8-52A1-47C5-9E61-C7489EA6455D}.Debug|Any CPU.Build.0 = Debug|Any CPU
		{49385FA8-52A1-47C5-9E61-C7489EA6455D}.Release|Any CPU.ActiveCfg = Release|Any CPU
		{49385FA8-52A1-47C5-9E61-C7489EA6455D}.Release|Any CPU.Build.0 = Release|Any CPU
		{2C684083-18A2-490B-8E3B-5A26281D1F7F}.Debug|Any CPU.ActiveCfg = Debug|Any CPU
		{2C684083-18A2-490B-8E3B-5A26281D1F7F}.Debug|Any CPU.Build.0 = Debug|Any CPU
		{2C684083-18A2-490B-8E3B-5A26281D1F7F}.Release|Any CPU.ActiveCfg = Release|Any CPU
		{2C684083-18A2-490B-8E3B-5A26281D1F7F}.Release|Any CPU.Build.0 = Release|Any CPU
	EndGlobalSection
	GlobalSection(SolutionProperties) = preSolution
		HideSolutionNode = FALSE
	EndGlobalSection
	GlobalSection(NestedProjects) = preSolution
		{E28147E3-E839-459C-BBDE-015FCF287D28} = {68FA0579-95AE-4E41-8721-1CBF906BBDCD}
		{CC7B1D1C-AB46-40F8-952D-198774FE9BA4} = {68FA0579-95AE-4E41-8721-1CBF906BBDCD}
		{BAA2FD65-02B6-411A-9797-B734B1C93F6A} = {B2A671F1-D935-4CFC-8CDD-B0DA58A74CD3}
		{59A8AEA0-9DF1-4904-9A82-F2C236516A55} = {B2A671F1-D935-4CFC-8CDD-B0DA58A74CD3}
		{FF44DB6B-6A9A-4D0E-A076-8E85086ED92B} = {3D793BFA-69A6-4FA6-9922-DF5BE3724CB0}
		{57B898DD-5B81-4191-92F8-B7520915B011} = {CA5A69F0-401E-49D5-91E4-5183ACDFBC92}
		{49385FA8-52A1-47C5-9E61-C7489EA6455D} = {CA5A69F0-401E-49D5-91E4-5183ACDFBC92}
		{2C684083-18A2-490B-8E3B-5A26281D1F7F} = {3DC08034-7D2C-492B-AEDE-06BEBFE56394}
	EndGlobalSection
	GlobalSection(ExtensibilityGlobals) = postSolution
		SolutionGuid = {67E9635D-5428-4D6A-87BC-5F1B86124DC5}
	EndGlobalSection
EndGlobal
