
Microsoft Visual Studio Solution File, Format Version 12.00
# Visual Studio Version 17
VisualStudioVersion = 17.9.34723.18
MinimumVisualStudioVersion = 10.0.40219.1
Project("{FAE04EC0-301F-11D3-BF4B-00C04F79EFBC}") = "Lab02", "Lab02.csproj", "{FA48C25D-0AD2-4CEB-A505-A33662AEDC27}"
EndProject
Global
	GlobalSection(SolutionConfigurationPlatforms) = preSolution
		Debug|Any CPU = Debug|Any CPU
		Release|Any CPU = Release|Any CPU
	EndGlobalSection
	GlobalSection(ProjectConfigurationPlatforms) = postSolution
		{FA48C25D-0AD2-4CEB-A505-A33662AEDC27}.Debug|Any CPU.ActiveCfg = Debug|Any CPU
		{FA48C25D-0AD2-4CEB-A505-A33662AEDC27}.Debug|Any CPU.Build.0 = Debug|Any CPU
		{FA48C25D-0AD2-4CEB-A505-A33662AEDC27}.Release|Any CPU.ActiveCfg = Release|Any CPU
		{FA48C25D-0AD2-4CEB-A505-A33662AEDC27}.Release|Any CPU.Build.0 = Release|Any CPU
	EndGlobalSection
	GlobalSection(SolutionProperties) = preSolution
		HideSolutionNode = FALSE
	EndGlobalSection
	GlobalSection(ExtensibilityGlobals) = postSolution
		SolutionGuid = {B7897698-86B2-4653-BF19-A110AB235BB1}
	EndGlobalSection
EndGlobal
