
Microsoft Visual Studio Solution File, Format Version 12.00
# Visual Studio Version 17
VisualStudioVersion = 17.10.35122.118
MinimumVisualStudioVersion = 10.0.40219.1
Project("{9A19103F-16F7-4668-BE54-9A1E7A4F7556}") = "MaestroDetale", "MaestroDetale\MaestroDetale.csproj", "{318A0B5E-0C5C-4E2D-8F1B-85490AA8ADF3}"
EndProject
Global
	GlobalSection(SolutionConfigurationPlatforms) = preSolution
		Debug|Any CPU = Debug|Any CPU
		Release|Any CPU = Release|Any CPU
	EndGlobalSection
	GlobalSection(ProjectConfigurationPlatforms) = postSolution
		{318A0B5E-0C5C-4E2D-8F1B-85490AA8ADF3}.Debug|Any CPU.ActiveCfg = Debug|Any CPU
		{318A0B5E-0C5C-4E2D-8F1B-85490AA8ADF3}.Debug|Any CPU.Build.0 = Debug|Any CPU
		{318A0B5E-0C5C-4E2D-8F1B-85490AA8ADF3}.Release|Any CPU.ActiveCfg = Release|Any CPU
		{318A0B5E-0C5C-4E2D-8F1B-85490AA8ADF3}.Release|Any CPU.Build.0 = Release|Any CPU
	EndGlobalSection
	GlobalSection(SolutionProperties) = preSolution
		HideSolutionNode = FALSE
	EndGlobalSection
	GlobalSection(ExtensibilityGlobals) = postSolution
		SolutionGuid = {8B60F7C4-B11F-4B76-832D-920457775895}
	EndGlobalSection
EndGlobal
