
Microsoft Visual Studio Solution File, Format Version 12.00
# Visual Studio Version 17
VisualStudioVersion = 17.11.35327.3
MinimumVisualStudioVersion = 10.0.40219.1
Project("{FAE04EC0-301F-11D3-BF4B-00C04F79EFBC}") = "ClienteServicios", "ClienteServicios\ClienteServicios.csproj", "{14E86AD6-FC14-4384-B909-B5CD269A5DCF}"
EndProject
Project("{FAE04EC0-301F-11D3-BF4B-00C04F79EFBC}") = "Entidades", "Entidades\Entidades.csproj", "{A0AE5399-D595-4F9B-8D90-0FCFA2F666A6}"
EndProject
Project("{FAE04EC0-301F-11D3-BF4B-00C04F79EFBC}") = "Negocio", "Negocio\Negocio.csproj", "{905B1804-642D-460E-9765-1CD16C86DD56}"
EndProject
Global
	GlobalSection(SolutionConfigurationPlatforms) = preSolution
		Debug|Any CPU = Debug|Any CPU
		Release|Any CPU = Release|Any CPU
	EndGlobalSection
	GlobalSection(ProjectConfigurationPlatforms) = postSolution
		{14E86AD6-FC14-4384-B909-B5CD269A5DCF}.Debug|Any CPU.ActiveCfg = Debug|Any CPU
		{14E86AD6-FC14-4384-B909-B5CD269A5DCF}.Debug|Any CPU.Build.0 = Debug|Any CPU
		{14E86AD6-FC14-4384-B909-B5CD269A5DCF}.Release|Any CPU.ActiveCfg = Release|Any CPU
		{14E86AD6-FC14-4384-B909-B5CD269A5DCF}.Release|Any CPU.Build.0 = Release|Any CPU
		{A0AE5399-D595-4F9B-8D90-0FCFA2F666A6}.Debug|Any CPU.ActiveCfg = Debug|Any CPU
		{A0AE5399-D595-4F9B-8D90-0FCFA2F666A6}.Debug|Any CPU.Build.0 = Debug|Any CPU
		{A0AE5399-D595-4F9B-8D90-0FCFA2F666A6}.Release|Any CPU.ActiveCfg = Release|Any CPU
		{A0AE5399-D595-4F9B-8D90-0FCFA2F666A6}.Release|Any CPU.Build.0 = Release|Any CPU
		{905B1804-642D-460E-9765-1CD16C86DD56}.Debug|Any CPU.ActiveCfg = Debug|Any CPU
		{905B1804-642D-460E-9765-1CD16C86DD56}.Debug|Any CPU.Build.0 = Debug|Any CPU
		{905B1804-642D-460E-9765-1CD16C86DD56}.Release|Any CPU.ActiveCfg = Release|Any CPU
		{905B1804-642D-460E-9765-1CD16C86DD56}.Release|Any CPU.Build.0 = Release|Any CPU
	EndGlobalSection
	GlobalSection(SolutionProperties) = preSolution
		HideSolutionNode = FALSE
	EndGlobalSection
	GlobalSection(ExtensibilityGlobals) = postSolution
		SolutionGuid = {24F1D899-A498-4B1B-A24C-68D24817BF34}
	EndGlobalSection
EndGlobal
